lockfileVersion: '9.0'

settings:
  autoInstallPeers: true
  excludeLinksFromLockfile: false

patchedDependencies:
  usb@2.17.0:
    hash: 489095f60f30e6127e8077a75f64dc1962a7187d3e054910d61a8a5de45c30a5
    path: patches/usb@2.17.0.patch

importers:

  .:
    dependencies:
      usb:
        specifier: ^2.17.0
        version: 2.17.0(patch_hash=489095f60f30e6127e8077a75f64dc1962a7187d3e054910d61a8a5de45c30a5)

packages:

  '@types/w3c-web-usb@1.0.14':
    resolution: {integrity: sha512-Qu3Nn6JFuF4+sHKYl+IcX9vYiI40ogleXzFFSxoE1W94rG98o/kXs8uJ0QSfFzuwBCZWlGfUGpPkgwuuX4PchA==}

  node-addon-api@8.7.0:
    resolution: {integrity: sha512-9MdFxmkKaOYVTV+XVRG8ArDwwQ77XIgIPyKASB1k3JPq3M8fGQQQE3YpMOrKm6g//Ktx8ivZr8xo1Qmtqub+GA==}
    engines: {node: ^18 || ^20 || >= 21}

  node-gyp-build@4.8.4:
    resolution: {integrity: sha512-LA4ZjwlnUblHVgq0oBF3Jl/6h/Nvs5fzBLwdEF4nuxnFdsfajde4WfxtJr3CaiH+F6ewcIB/q4jQ4UzPyid+CQ==}
    hasBin: true

  usb@2.17.0:
    resolution: {integrity: sha512-UuFgrlglgDn5ll6d5l7kl3nDb2Yx43qLUGcDq+7UNLZLtbNug0HZBb2Xodhgx2JZB1LqvU+dOGqLEeYUeZqsHg==}
    engines: {node: '>=12.22.0 <13.0 || >=14.17.0'}

snapshots:

  '@types/w3c-web-usb@1.0.14': {}

  node-addon-api@8.7.0: {}

  node-gyp-build@4.8.4: {}

  usb@2.17.0(patch_hash=489095f60f30e6127e8077a75f64dc1962a7187d3e054910d61a8a5de45c30a5):
    dependencies:
      '@types/w3c-web-usb': 1.0.14
      node-addon-api: 8.7.0
      node-gyp-build: 4.8.4
